
Microsoft Visual Studio Solution File, Format Version 12.00
# Visual Studio 15
VisualStudioVersion = 15.0.28307.572
MinimumVisualStudioVersion = 10.0.40219.1
Project("{FAE04EC0-301F-11D3-BF4B-00C04F79EFBC}") = "LatvanyossagokApplication", "LatvanyossagokApplication\LatvanyossagokApplication.csproj", "{16A53E3A-6283-4FB4-83DC-21856C31B901}"
EndProject
Global
	GlobalSection(SolutionConfigurationPlatforms) = preSolution
		Debug|Any CPU = Debug|Any CPU
		Release|Any CPU = Release|Any CPU
	EndGlobalSection
	GlobalSection(ProjectConfigurationPlatforms) = postSolution
		{16A53E3A-6283-4FB4-83DC-21856C31B901}.Debug|Any CPU.ActiveCfg = Debug|Any CPU
		{16A53E3A-6283-4FB4-83DC-21856C31B901}.Debug|Any CPU.Build.0 = Debug|Any CPU
		{16A53E3A-6283-4FB4-83DC-21856C31B901}.Release|Any CPU.ActiveCfg = Release|Any CPU
		{16A53E3A-6283-4FB4-83DC-21856C31B901}.Release|Any CPU.Build.0 = Release|Any CPU
	EndGlobalSection
	GlobalSection(SolutionProperties) = preSolution
		HideSolutionNode = FALSE
	EndGlobalSection
	GlobalSection(ExtensibilityGlobals) = postSolution
		SolutionGuid = {C322D5E9-4272-4269-83D7-9B2B778ADDD0}
	EndGlobalSection
EndGlobal
